
Microsoft Visual Studio Solution File, Format Version 12.00
Project("{FAE04EC0-301F-11D3-BF4B-00C04F79EFBC}") = "WebApplicationSuper", "WebApplicationSuper\WebApplicationSuper.csproj", "{D747982D-1F07-415A-B03C-02E05BA7E738}"
EndProject
Global
	GlobalSection(SolutionConfigurationPlatforms) = preSolution
		Debug|Any CPU = Debug|Any CPU
		Release|Any CPU = Release|Any CPU
	EndGlobalSection
	GlobalSection(ProjectConfigurationPlatforms) = postSolution
		{D747982D-1F07-415A-B03C-02E05BA7E738}.Debug|Any CPU.ActiveCfg = Debug|Any CPU
		{D747982D-1F07-415A-B03C-02E05BA7E738}.Debug|Any CPU.Build.0 = Debug|Any CPU
		{D747982D-1F07-415A-B03C-02E05BA7E738}.Release|Any CPU.ActiveCfg = Release|Any CPU
		{D747982D-1F07-415A-B03C-02E05BA7E738}.Release|Any CPU.Build.0 = Release|Any CPU
	EndGlobalSection
EndGlobal
